
Microsoft Visual Studio Solution File, Format Version 12.00
# Visual Studio 15
Project("{FAE04EC0-301F-11D3-BF4B-00C04F79EFBC}") = "Assembly-CSharp", "Assembly-CSharp.csproj", "{C53A50CF-3EA0-0665-C095-DC713100758A}"
EndProject
Global
	GlobalSection(SolutionConfigurationPlatforms) = preSolution
		Debug|Any CPU = Debug|Any CPU
		Release|Any CPU = Release|Any CPU
	EndGlobalSection
	GlobalSection(ProjectConfigurationPlatforms) = postSolution
		{C53A50CF-3EA0-0665-C095-DC713100758A}.Debug|Any CPU.ActiveCfg = Debug|Any CPU
		{C53A50CF-3EA0-0665-C095-DC713100758A}.Debug|Any CPU.Build.0 = Debug|Any CPU
		{C53A50CF-3EA0-0665-C095-DC713100758A}.Release|Any CPU.ActiveCfg = Release|Any CPU
		{C53A50CF-3EA0-0665-C095-DC713100758A}.Release|Any CPU.Build.0 = Release|Any CPU
	EndGlobalSection
	GlobalSection(SolutionProperties) = preSolution
		HideSolutionNode = FALSE
	EndGlobalSection
EndGlobal
